
Microsoft Visual Studio Solution File, Format Version 12.00
# Visual Studio Version 17
VisualStudioVersion = 17.11.35208.52
MinimumVisualStudioVersion = 10.0.40219.1
Project("{FAE04EC0-301F-11D3-BF4B-00C04F79EFBC}") = "yumfoods.se", "yumfoods.se.csproj", "{0F08DF15-53B0-4A61-B76C-26D0BC849028}"
EndProject
Project("{2150E333-8FDC-42A3-9474-1A3956D46DE8}") = "Solution Items", "Solution Items", "{7B7709F7-EBEC-44CE-AB1B-68FB303B043F}"
	ProjectSection(SolutionItems) = preProject
		Directory.Build.props = Directory.Build.props
	EndProjectSection
EndProject
Project("{9A19103F-16F7-4668-BE54-9A1E7A4F7556}") = "API", "API\API.csproj", "{F3B86F8E-6F49-4F39-A227-118149137CEC}"
	ProjectSection(ProjectDependencies) = postProject
		{B7607122-0DE0-4DF7-8512-3D56656DD122} = {B7607122-0DE0-4DF7-8512-3D56656DD122}
	EndProjectSection
EndProject
Project("{9A19103F-16F7-4668-BE54-9A1E7A4F7556}") = "DataAccess", "DataAccess\DataAccess.csproj", "{B7607122-0DE0-4DF7-8512-3D56656DD122}"
EndProject
Project("{2150E333-8FDC-42A3-9474-1A3956D46DE8}") = "Backend", "Backend", "{D5D22E9A-9005-426B-B791-B908DE64AA98}"
EndProject
Project("{9A19103F-16F7-4668-BE54-9A1E7A4F7556}") = "Shared", "Shared\Shared.csproj", "{3639F4E7-DFFC-4B23-BBE0-0C2E3E26F131}"
EndProject
Global
	GlobalSection(SolutionConfigurationPlatforms) = preSolution
		Debug|Any CPU = Debug|Any CPU
		Debug|x86 = Debug|x86
		Release|Any CPU = Release|Any CPU
		Release|x86 = Release|x86
	EndGlobalSection
	GlobalSection(ProjectConfigurationPlatforms) = postSolution
		{0F08DF15-53B0-4A61-B76C-26D0BC849028}.Debug|Any CPU.ActiveCfg = Debug|x86
		{0F08DF15-53B0-4A61-B76C-26D0BC849028}.Debug|Any CPU.Build.0 = Debug|x86
		{0F08DF15-53B0-4A61-B76C-26D0BC849028}.Debug|x86.ActiveCfg = Debug|x86
		{0F08DF15-53B0-4A61-B76C-26D0BC849028}.Debug|x86.Build.0 = Debug|x86
		{0F08DF15-53B0-4A61-B76C-26D0BC849028}.Release|Any CPU.ActiveCfg = Release|x86
		{0F08DF15-53B0-4A61-B76C-26D0BC849028}.Release|Any CPU.Build.0 = Release|x86
		{0F08DF15-53B0-4A61-B76C-26D0BC849028}.Release|x86.ActiveCfg = Release|x86
		{0F08DF15-53B0-4A61-B76C-26D0BC849028}.Release|x86.Build.0 = Release|x86
		{F3B86F8E-6F49-4F39-A227-118149137CEC}.Debug|Any CPU.ActiveCfg = Debug|Any CPU
		{F3B86F8E-6F49-4F39-A227-118149137CEC}.Debug|Any CPU.Build.0 = Debug|Any CPU
		{F3B86F8E-6F49-4F39-A227-118149137CEC}.Debug|x86.ActiveCfg = Debug|Any CPU
		{F3B86F8E-6F49-4F39-A227-118149137CEC}.Debug|x86.Build.0 = Debug|Any CPU
		{F3B86F8E-6F49-4F39-A227-118149137CEC}.Release|Any CPU.ActiveCfg = Release|Any CPU
		{F3B86F8E-6F49-4F39-A227-118149137CEC}.Release|Any CPU.Build.0 = Release|Any CPU
		{F3B86F8E-6F49-4F39-A227-118149137CEC}.Release|x86.ActiveCfg = Release|Any CPU
		{F3B86F8E-6F49-4F39-A227-118149137CEC}.Release|x86.Build.0 = Release|Any CPU
		{B7607122-0DE0-4DF7-8512-3D56656DD122}.Debug|Any CPU.ActiveCfg = Debug|Any CPU
		{B7607122-0DE0-4DF7-8512-3D56656DD122}.Debug|Any CPU.Build.0 = Debug|Any CPU
		{B7607122-0DE0-4DF7-8512-3D56656DD122}.Debug|x86.ActiveCfg = Debug|Any CPU
		{B7607122-0DE0-4DF7-8512-3D56656DD122}.Debug|x86.Build.0 = Debug|Any CPU
		{B7607122-0DE0-4DF7-8512-3D56656DD122}.Release|Any CPU.ActiveCfg = Release|Any CPU
		{B7607122-0DE0-4DF7-8512-3D56656DD122}.Release|Any CPU.Build.0 = Release|Any CPU
		{B7607122-0DE0-4DF7-8512-3D56656DD122}.Release|x86.ActiveCfg = Release|Any CPU
		{B7607122-0DE0-4DF7-8512-3D56656DD122}.Release|x86.Build.0 = Release|Any CPU
		{3639F4E7-DFFC-4B23-BBE0-0C2E3E26F131}.Debug|Any CPU.ActiveCfg = Debug|Any CPU
		{3639F4E7-DFFC-4B23-BBE0-0C2E3E26F131}.Debug|Any CPU.Build.0 = Debug|Any CPU
		{3639F4E7-DFFC-4B23-BBE0-0C2E3E26F131}.Debug|x86.ActiveCfg = Debug|Any CPU
		{3639F4E7-DFFC-4B23-BBE0-0C2E3E26F131}.Debug|x86.Build.0 = Debug|Any CPU
		{3639F4E7-DFFC-4B23-BBE0-0C2E3E26F131}.Release|Any CPU.ActiveCfg = Release|Any CPU
		{3639F4E7-DFFC-4B23-BBE0-0C2E3E26F131}.Release|Any CPU.Build.0 = Release|Any CPU
		{3639F4E7-DFFC-4B23-BBE0-0C2E3E26F131}.Release|x86.ActiveCfg = Release|Any CPU
		{3639F4E7-DFFC-4B23-BBE0-0C2E3E26F131}.Release|x86.Build.0 = Release|Any CPU
	EndGlobalSection
	GlobalSection(SolutionProperties) = preSolution
		HideSolutionNode = FALSE
	EndGlobalSection
	GlobalSection(NestedProjects) = preSolution
		{F3B86F8E-6F49-4F39-A227-118149137CEC} = {D5D22E9A-9005-426B-B791-B908DE64AA98}
		{B7607122-0DE0-4DF7-8512-3D56656DD122} = {D5D22E9A-9005-426B-B791-B908DE64AA98}
	EndGlobalSection
	GlobalSection(ExtensibilityGlobals) = postSolution
		SolutionGuid = {C1337FAF-F360-4F05-9DED-6A61A6553D44}
	EndGlobalSection
EndGlobal
